
Microsoft Visual Studio Solution File, Format Version 12.00
# Visual Studio Version 17
VisualStudioVersion = 17.9.34511.98
MinimumVisualStudioVersion = 10.0.40219.1
Project("{FAE04EC0-301F-11D3-BF4B-00C04F79EFBC}") = "MoonShineApp", "MoonShineApp\MoonShineApp.csproj", "{53AF5819-CB9C-4ADA-9131-0F902F647BD6}"
EndProject
Global
	GlobalSection(SolutionConfigurationPlatforms) = preSolution
		Debug|Any CPU = Debug|Any CPU
		Release|Any CPU = Release|Any CPU
	EndGlobalSection
	GlobalSection(ProjectConfigurationPlatforms) = postSolution
		{53AF5819-CB9C-4ADA-9131-0F902F647BD6}.Debug|Any CPU.ActiveCfg = Debug|Any CPU
		{53AF5819-CB9C-4ADA-9131-0F902F647BD6}.Debug|Any CPU.Build.0 = Debug|Any CPU
		{53AF5819-CB9C-4ADA-9131-0F902F647BD6}.Release|Any CPU.ActiveCfg = Release|Any CPU
		{53AF5819-CB9C-4ADA-9131-0F902F647BD6}.Release|Any CPU.Build.0 = Release|Any CPU
	EndGlobalSection
	GlobalSection(SolutionProperties) = preSolution
		HideSolutionNode = FALSE
	EndGlobalSection
	GlobalSection(ExtensibilityGlobals) = postSolution
		SolutionGuid = {3763F513-36BE-4CE7-B785-5B94585F7AD6}
	EndGlobalSection
EndGlobal
